{
  "name": "demo-app",
  "version": "1.0.0",
  "lockfileVersion": 3,
  "requires": true,
  "packages": {
    "": {
      "name": "demo-app",
      "version": "1.0.0",
      "license": "ISC",
      "dependencies": {
        "@types/aws-lambda": "^8.10.145",
        "sst": "^3.1.64"
      }
    },
    "node_modules/@types/aws-lambda": {
      "version": "8.10.145",
      "resolved": "https://registry.npmjs.org/@types/aws-lambda/-/aws-lambda-8.10.145.tgz",
      "integrity": "sha512-dtByW6WiFk5W5Jfgz1VM+YPA21xMXTuSFoLYIDY0L44jDLLflVPtZkYuu3/YxpGcvjzKFBZLU+GyKjR0HOYtyw=="
    },
    "node_modules/aws4fetch": {
      "version": "1.0.20",
      "resolved": "https://registry.npmjs.org/aws4fetch/-/aws4fetch-1.0.20.tgz",
      "integrity": "sha512-/djoAN709iY65ETD6LKCtyyEI04XIBP5xVvfmNxsEP0uJB5tyaGBztSryRr4HqMStr9R06PisQE7m9zDTXKu6g=="
    },
    "node_modules/jose": {
      "version": "5.2.3",
      "resolved": "https://registry.npmjs.org/jose/-/jose-5.2.3.tgz",
      "integrity": "sha512-KUXdbctm1uHVL8BYhnyHkgp3zDX5KW8ZhAKVFEfUbU2P8Alpzjb+48hHvjOdQIyPshoblhzsuqOwEEAbtHVirA==",
      "funding": {
        "url": "https://github.com/sponsors/panva"
      }
    },
    "node_modules/lru-cache": {
      "version": "6.0.0",
      "resolved": "https://registry.npmjs.org/lru-cache/-/lru-cache-6.0.0.tgz",
      "integrity": "sha512-Jo6dJ04CmSjuznwJSS3pUeWmd/H0ffTlkXXgwZi+eq1UCmqQwCh+eLsYOYCwY991i2Fah4h1BEMCx4qThGbsiA==",
      "dependencies": {
        "yallist": "^4.0.0"
      },
      "engines": {
        "node": ">=10"
      }
    },
    "node_modules/object-hash": {
      "version": "2.2.0",
      "resolved": "https://registry.npmjs.org/object-hash/-/object-hash-2.2.0.tgz",
      "integrity": "sha512-gScRMn0bS5fH+IuwyIFgnh9zBdo4DV+6GhygmWM9HyNJSgS0hScp1f5vjtm7oIIOiT9trXrShAkLFSc2IqKNgw==",
      "engines": {
        "node": ">= 6"
      }
    },
    "node_modules/oidc-token-hash": {
      "version": "5.0.3",
      "resolved": "https://registry.npmjs.org/oidc-token-hash/-/oidc-token-hash-5.0.3.tgz",
      "integrity": "sha512-IF4PcGgzAr6XXSff26Sk/+P4KZFJVuHAJZj3wgO3vX2bMdNVp/QXTP3P7CEm9V1IdG8lDLY3HhiqpsE/nOwpPw==",
      "engines": {
        "node": "^10.13.0 || >=12.0.0"
      }
    },
    "node_modules/openid-client": {
      "version": "5.6.4",
      "resolved": "https://registry.npmjs.org/openid-client/-/openid-client-5.6.4.tgz",
      "integrity": "sha512-T1h3B10BRPKfcObdBklX639tVz+xh34O7GjofqrqiAQdm7eHsQ00ih18x6wuJ/E6FxdtS2u3FmUGPDeEcMwzNA==",
      "dependencies": {
        "jose": "^4.15.4",
        "lru-cache": "^6.0.0",
        "object-hash": "^2.2.0",
        "oidc-token-hash": "^5.0.3"
      },
      "funding": {
        "url": "https://github.com/sponsors/panva"
      }
    },
    "node_modules/openid-client/node_modules/jose": {
      "version": "4.15.9",
      "resolved": "https://registry.npmjs.org/jose/-/jose-4.15.9.tgz",
      "integrity": "sha512-1vUQX+IdDMVPj4k8kOxgUqlcK518yluMuGZwqlr44FS1ppZB/5GWh4rZG89erpOBOJjU/OBsnCVFfapsRz6nEA==",
      "funding": {
        "url": "https://github.com/sponsors/panva"
      }
    },
    "node_modules/sst": {
      "version": "3.1.64",
      "resolved": "https://registry.npmjs.org/sst/-/sst-3.1.64.tgz",
      "integrity": "sha512-cpfh3OQWX8yYmSBeWMF/p+GQ/quwbw2raGzdzGEDNDoNQyDIykjRjg0NvxOvGZmyp8u6erxPud4aJFpZ4hx9ZA==",
      "dependencies": {
        "aws4fetch": "^1.0.18",
        "jose": "5.2.3",
        "openid-client": "5.6.4"
      },
      "bin": {
        "sst": "bin/sst.mjs"
      },
      "optionalDependencies": {
        "sst-darwin-arm64": "3.1.64",
        "sst-darwin-x64": "3.1.64",
        "sst-linux-arm64": "3.1.64",
        "sst-linux-x64": "3.1.64",
        "sst-linux-x86": "3.1.64"
      },
      "peerDependencies": {
        "hono": "4.x",
        "valibot": "0.30.x"
      },
      "peerDependenciesMeta": {
        "hono": {
          "optional": true
        },
        "valibot": {
          "optional": true
        }
      }
    },
    "node_modules/sst-darwin-arm64": {
      "version": "3.1.64",
      "resolved": "https://registry.npmjs.org/sst-darwin-arm64/-/sst-darwin-arm64-3.1.64.tgz",
      "integrity": "sha512-qX0BjAGFExKpeSFzu2VkYJh6+vA9Ky6K6M+/VACUrhhVfrOO+j2nr9MjLM/3nHaq6iedtSxi1w30CnlHTokNGg==",
      "cpu": [
        "arm64"
      ],
      "optional": true,
      "os": [
        "darwin"
      ]
    },
    "node_modules/sst-darwin-x64": {
      "version": "3.1.64",
      "resolved": "https://registry.npmjs.org/sst-darwin-x64/-/sst-darwin-x64-3.1.64.tgz",
      "integrity": "sha512-WRMT+4lMTfkrvr3YLXRdOFKCBLv3ct/NPAJO6p+s04+ffDihLR9a12e2ZZLXmRAkLiq364SimSKMUh6flbvGaA==",
      "cpu": [
        "x64"
      ],
      "optional": true,
      "os": [
        "darwin"
      ]
    },
    "node_modules/sst-linux-arm64": {
      "version": "3.1.64",
      "resolved": "https://registry.npmjs.org/sst-linux-arm64/-/sst-linux-arm64-3.1.64.tgz",
      "integrity": "sha512-VWbdaDkyWKK58U/k9fLg4W9IX9oZoE3N9UMBKgwCluNbDB1/J7dDcxHCLhHDxckUDD7I/E8rrd1hMFBOXg4aOw==",
      "cpu": [
        "arm64"
      ],
      "optional": true,
      "os": [
        "linux"
      ]
    },
    "node_modules/sst-linux-x64": {
      "version": "3.1.64",
      "resolved": "https://registry.npmjs.org/sst-linux-x64/-/sst-linux-x64-3.1.64.tgz",
      "integrity": "sha512-7iac5Xh47T1KdGv9VvQWY5TlyLkvK5mc3AxqtaYoI80njWxdaXCTn+/TAyKY+8CtTa3i3vpC5Nzkg4V8RJ1z2w==",
      "cpu": [
        "x64"
      ],
      "optional": true,
      "os": [
        "linux"
      ]
    },
    "node_modules/sst-linux-x86": {
      "version": "3.1.64",
      "resolved": "https://registry.npmjs.org/sst-linux-x86/-/sst-linux-x86-3.1.64.tgz",
      "integrity": "sha512-MdlsTTg+4h8LVBFLLM9Zq3rCYjihfega6lobKeMxY4iAOMu0S6SG165AkZBhN8zWs4AROhSyiuXHK5rtT/2X7A==",
      "cpu": [
        "x86"
      ],
      "optional": true,
      "os": [
        "linux"
      ]
    },
    "node_modules/yallist": {
      "version": "4.0.0",
      "resolved": "https://registry.npmjs.org/yallist/-/yallist-4.0.0.tgz",
      "integrity": "sha512-3wdGidZyq5PB084XLES5TpOSRA3wjXAlIWMhum2kRcv/41Sn2emQ0dycQW4uZXLejwKvg6EsvbdlVL+FYEct7A=="
    }
  }
}
